{
  "nodes": {
    "nixpkgs": {
      "locked": {
        "lastModified": 1619557186,
        "narHash": "sha256-QtpIA9im0tjIAyHYxA0LtzbiTQg0jUUj+0WbVZuB4ts=",
        "owner": "NixOS",
        "repo": "nixpkgs",
        "rev": "282473158cf8fafb736ed2a09f328be8b7ed2efa",
        "type": "github"
      },
      "original": {
        "id": "nixpkgs",
        "type": "indirect"
      }
    },
    "root": {
      "inputs": {
        "nixpkgs": "nixpkgs"
      }
    }
  },
  "root": "root",
  "version": 7
}
